
Microsoft Visual Studio Solution File, Format Version 12.00
Project("{FAE04EC0-301F-11D3-BF4B-00C04F79EFBC}") = "Bacaklavas", "Bacaklavas\Bacaklavas.csproj", "{CE9E6BC5-DBC7-4C3A-A60A-B1D197B0E96F}"
EndProject
Global
	GlobalSection(SolutionConfigurationPlatforms) = preSolution
		Debug|Any CPU = Debug|Any CPU
		Release|Any CPU = Release|Any CPU
	EndGlobalSection
	GlobalSection(ProjectConfigurationPlatforms) = postSolution
		{CE9E6BC5-DBC7-4C3A-A60A-B1D197B0E96F}.Debug|Any CPU.ActiveCfg = Debug|Any CPU
		{CE9E6BC5-DBC7-4C3A-A60A-B1D197B0E96F}.Debug|Any CPU.Build.0 = Debug|Any CPU
		{CE9E6BC5-DBC7-4C3A-A60A-B1D197B0E96F}.Release|Any CPU.ActiveCfg = Release|Any CPU
		{CE9E6BC5-DBC7-4C3A-A60A-B1D197B0E96F}.Release|Any CPU.Build.0 = Release|Any CPU
	EndGlobalSection
EndGlobal
